
Microsoft Visual Studio Solution File, Format Version 12.00
# Visual Studio Version 17
VisualStudioVersion = 17.5.002.0
MinimumVisualStudioVersion = 10.0.40219.1
Project("{9A19103F-16F7-4668-BE54-9A1E7A4F7556}") = "Abistraindo um POO de um celular", "Abistraindo um POO de um celular.csproj", "{23911691-4420-464C-A3F1-D329217F7962}"
EndProject
Global
	GlobalSection(SolutionConfigurationPlatforms) = preSolution
		Debug|Any CPU = Debug|Any CPU
		Release|Any CPU = Release|Any CPU
	EndGlobalSection
	GlobalSection(ProjectConfigurationPlatforms) = postSolution
		{23911691-4420-464C-A3F1-D329217F7962}.Debug|Any CPU.ActiveCfg = Debug|Any CPU
		{23911691-4420-464C-A3F1-D329217F7962}.Debug|Any CPU.Build.0 = Debug|Any CPU
		{23911691-4420-464C-A3F1-D329217F7962}.Release|Any CPU.ActiveCfg = Release|Any CPU
		{23911691-4420-464C-A3F1-D329217F7962}.Release|Any CPU.Build.0 = Release|Any CPU
	EndGlobalSection
	GlobalSection(SolutionProperties) = preSolution
		HideSolutionNode = FALSE
	EndGlobalSection
	GlobalSection(ExtensibilityGlobals) = postSolution
		SolutionGuid = {82A21D1C-26BF-442B-9949-D4597714AAE3}
	EndGlobalSection
EndGlobal
